<?xml version="1.0" encoding="utf-8"?>
<Project ToolsVersion="4.0" xmlns="http://schemas.microsoft.com/developer/msbuild/2003">
  <ItemGroup>
    <Filter Include="Sources">
      <UniqueIdentifier>{8b7ed093-66ce-4096-96d2-fbb9faa4bf52}</UniqueIdentifier>
    </Filter>
    <Filter Include="Sources\Modules">
      <UniqueIdentifier>{7b418be2-1631-4a31-9ef2-8a8b234a7339}</UniqueIdentifier>
    </Filter>
    <Filter Include="Sources\Containers">
      <UniqueIdentifier>{afc36133-f401-499a-aa33-0da1e500fb52}</UniqueIdentifier>
    </Filter>
    <Filter Include="Sources\Tools">
      <UniqueIdentifier>{7e4dfaf7-022c-4f7d-92aa-f3b3fa9d6248}</UniqueIdentifier>
    </Filter>
    <Filter Include="Sources\Modules\Game">
      <UniqueIdentifier>{83f46af7-e02f-40c0-9e56-41d76082527b}</UniqueIdentifier>
    </Filter>
    <Filter Include="Sources\Modules\Ui">
      <UniqueIdentifier>{e3f32db3-b878-4503-9eba-8dd6fdd71a9a}</UniqueIdentifier>
    </Filter>
    <Filter Include="Sources\External">
      <UniqueIdentifier>{28425b99-a72e-42ab-9a48-cbf3d78eba28}</UniqueIdentifier>
    </Filter>
    <Filter Include="Sources\External\Imgui">
      <UniqueIdentifier>{7c7dbc32-7508-4c42-9d7f-0e1b072478f7}</UniqueIdentifier>
    </Filter>
    <Filter Include="Sources\External\MathGeo">
      <UniqueIdentifier>{a347f9fb-8a9b-4cf8-b7c0-6026f86cbab7}</UniqueIdentifier>
    </Filter>
    <Filter Include="Sources\Tools\Json">
      <UniqueIdentifier>{fb3705c9-f321-4e52-a3e3-35739a878551}</UniqueIdentifier>
    </Filter>
    <Filter Include="Sources\External\gpudetect">
      <UniqueIdentifier>{a457913d-a546-4de8-be86-58a07187e51e}</UniqueIdentifier>
    </Filter>
    <Filter Include="Sources\Tools\Assimp">
      <UniqueIdentifier>{441a8e69-f75e-4c5e-8f77-7f7ccbdec041}</UniqueIdentifier>
    </Filter>
  </ItemGroup>
  <ItemGroup>
    <ClInclude Include="Module.h">
      <Filter>Sources\Modules</Filter>
    </ClInclude>
    <ClInclude Include="ModuleCamera3D.h">
      <Filter>Sources\Modules</Filter>
    </ClInclude>
    <ClInclude Include="ModuleInput.h">
      <Filter>Sources\Modules</Filter>
    </ClInclude>
    <ClInclude Include="ModuleRenderer3D.h">
      <Filter>Sources\Modules</Filter>
    </ClInclude>
    <ClInclude Include="ModuleWindow.h">
      <Filter>Sources\Modules</Filter>
    </ClInclude>
    <ClInclude Include="glmath.h">
      <Filter>Sources\Containers</Filter>
    </ClInclude>
    <ClInclude Include="Application.h">
      <Filter>Sources</Filter>
    </ClInclude>
    <ClInclude Include="Globals.h">
      <Filter>Sources</Filter>
    </ClInclude>
    <ClInclude Include="Timer.h">
      <Filter>Sources\Tools</Filter>
    </ClInclude>
    <ClInclude Include="ModuleUI.h">
      <Filter>Sources\Modules\Ui</Filter>
    </ClInclude>
    <ClInclude Include="External\Imgui\imgui_impl_opengl2.h">
      <Filter>Sources\External\Imgui</Filter>
    </ClInclude>
    <ClInclude Include="External\Imgui\imgui_impl_opengl3.h">
      <Filter>Sources\External\Imgui</Filter>
    </ClInclude>
    <ClInclude Include="External\Imgui\imgui_impl_opengl3_loader.h">
      <Filter>Sources\External\Imgui</Filter>
    </ClInclude>
    <ClInclude Include="External\Imgui\imgui_impl_sdl.h">
      <Filter>Sources\External\Imgui</Filter>
    </ClInclude>
    <ClInclude Include="External\Imgui\imgui_internal.h">
      <Filter>Sources\External\Imgui</Filter>
    </ClInclude>
    <ClInclude Include="External\Imgui\imstb_rectpack.h">
      <Filter>Sources\External\Imgui</Filter>
    </ClInclude>
    <ClInclude Include="External\Imgui\imstb_textedit.h">
      <Filter>Sources\External\Imgui</Filter>
    </ClInclude>
    <ClInclude Include="External\Imgui\imstb_truetype.h">
      <Filter>Sources\External\Imgui</Filter>
    </ClInclude>
    <ClInclude Include="External\Imgui\imconfig.h">
      <Filter>Sources\External\Imgui</Filter>
    </ClInclude>
    <ClInclude Include="External\Imgui\imgui.h">
      <Filter>Sources\External\Imgui</Filter>
    </ClInclude>
    <ClInclude Include="External\MathGeo\include\MathGeoLib.h">
      <Filter>Sources\External\MathGeo</Filter>
    </ClInclude>
    <ClInclude Include="External\MathGeo\include\MathGeoLibFwd.h">
      <Filter>Sources\External\MathGeo</Filter>
    </ClInclude>
    <ClInclude Include="External\MathGeo\include\MathBuildConfig.h">
      <Filter>Sources\External\MathGeo</Filter>
    </ClInclude>
    <ClInclude Include="External\MathGeo\include\Algorithm\Random\LCG.h">
      <Filter>Sources\External\MathGeo</Filter>
    </ClInclude>
    <ClInclude Include="External\MathGeo\include\Algorithm\GJK2D.h">
      <Filter>Sources\External\MathGeo</Filter>
    </ClInclude>
    <ClInclude Include="External\MathGeo\include\Algorithm\SAT.h">
      <Filter>Sources\External\MathGeo</Filter>
    </ClInclude>
    <ClInclude Include="External\MathGeo\include\Algorithm\GJK.h">
      <Filter>Sources\External\MathGeo</Filter>
    </ClInclude>
    <ClInclude Include="External\MathGeo\include\Math\Polynomial.h">
      <Filter>Sources\External\MathGeo</Filter>
    </ClInclude>
    <ClInclude Include="External\MathGeo\include\Math\Quat.h">
      <Filter>Sources\External\MathGeo</Filter>
    </ClInclude>
    <ClInclude Include="External\MathGeo\include\Math\quat_simd.h">
      <Filter>Sources\External\MathGeo</Filter>
    </ClInclude>
    <ClInclude Include="External\MathGeo\include\Math\Rect.h">
      <Filter>Sources\External\MathGeo</Filter>
    </ClInclude>
    <ClInclude Include="External\MathGeo\include\Math\Reinterpret.h">
      <Filter>Sources\External\MathGeo</Filter>
    </ClInclude>
    <ClInclude Include="External\MathGeo\include\Math\simd.h">
      <Filter>Sources\External\MathGeo</Filter>
    </ClInclude>
    <ClInclude Include="External\MathGeo\include\Math\sse_mathfun.h">
      <Filter>Sources\External\MathGeo</Filter>
    </ClInclude>
    <ClInclude Include="External\MathGeo\include\Math\SSEMath.h">
      <Filter>Sources\External\MathGeo</Filter>
    </ClInclude>
    <ClInclude Include="External\MathGeo\include\Math\Swap.h">
      <Filter>Sources\External\MathGeo</Filter>
    </ClInclude>
    <ClInclude Include="External\MathGeo\include\Math\TransformOps.h">
      <Filter>Sources\External\MathGeo</Filter>
    </ClInclude>
    <ClInclude Include="External\MathGeo\include\Math\vec2d.h">
      <Filter>Sources\External\MathGeo</Filter>
    </ClInclude>
    <ClInclude Include="External\MathGeo\include\Math\assume.h">
      <Filter>Sources\External\MathGeo</Filter>
    </ClInclude>
    <ClInclude Include="External\MathGeo\include\Math\BitFuncs.h">
      <Filter>Sources\External\MathGeo</Filter>
    </ClInclude>
    <ClInclude Include="External\MathGeo\include\Math\BitOps.h">
      <Filter>Sources\External\MathGeo</Filter>
    </ClInclude>
    <ClInclude Include="External\MathGeo\include\Math\Callstack.h">
      <Filter>Sources\External\MathGeo</Filter>
    </ClInclude>
    <ClInclude Include="External\MathGeo\include\Math\FixedPoint.h">
      <Filter>Sources\External\MathGeo</Filter>
    </ClInclude>
    <ClInclude Include="External\MathGeo\include\Math\float2.h">
      <Filter>Sources\External\MathGeo</Filter>
    </ClInclude>
    <ClInclude Include="External\MathGeo\include\Math\float3.h">
      <Filter>Sources\External\MathGeo</Filter>
    </ClInclude>
    <ClInclude Include="External\MathGeo\include\Math\float3x3.h">
      <Filter>Sources\External\MathGeo</Filter>
    </ClInclude>
    <ClInclude Include="External\MathGeo\include\Math\float3x4.h">
      <Filter>Sources\External\MathGeo</Filter>
    </ClInclude>
    <ClInclude Include="External\MathGeo\include\Math\float4.h">
      <Filter>Sources\External\MathGeo</Filter>
    </ClInclude>
    <ClInclude Include="External\MathGeo\include\Math\float4_neon.h">
      <Filter>Sources\External\MathGeo</Filter>
    </ClInclude>
    <ClInclude Include="External\MathGeo\include\Math\float4_sse.h">
      <Filter>Sources\External\MathGeo</Filter>
    </ClInclude>
    <ClInclude Include="External\MathGeo\include\Math\float4d.h">
      <Filter>Sources\External\MathGeo</Filter>
    </ClInclude>
    <ClInclude Include="External\MathGeo\include\Math\float4x4.h">
      <Filter>Sources\External\MathGeo</Filter>
    </ClInclude>
    <ClInclude Include="External\MathGeo\include\Math\float4x4_neon.h">
      <Filter>Sources\External\MathGeo</Filter>
    </ClInclude>
    <ClInclude Include="External\MathGeo\include\Math\float4x4_sse.h">
      <Filter>Sources\External\MathGeo</Filter>
    </ClInclude>
    <ClInclude Include="External\MathGeo\include\Math\FloatCmp.h">
      <Filter>Sources\External\MathGeo</Filter>
    </ClInclude>
    <ClInclude Include="External\MathGeo\include\Math\grisu3.h">
      <Filter>Sources\External\MathGeo</Filter>
    </ClInclude>
    <ClInclude Include="External\MathGeo\include\Math\InclWindows.h">
      <Filter>Sources\External\MathGeo</Filter>
    </ClInclude>
    <ClInclude Include="External\MathGeo\include\Math\Interpolate.h">
      <Filter>Sources\External\MathGeo</Filter>
    </ClInclude>
    <ClInclude Include="External\MathGeo\include\Math\MathAll.h">
      <Filter>Sources\External\MathGeo</Filter>
    </ClInclude>
    <ClInclude Include="External\MathGeo\include\Math\MathConstants.h">
      <Filter>Sources\External\MathGeo</Filter>
    </ClInclude>
    <ClInclude Include="External\MathGeo\include\Math\MathFunc.h">
      <Filter>Sources\External\MathGeo</Filter>
    </ClInclude>
    <ClInclude Include="External\MathGeo\include\Math\MathLog.h">
      <Filter>Sources\External\MathGeo</Filter>
    </ClInclude>
    <ClInclude Include="External\MathGeo\include\Math\MathNamespace.h">
      <Filter>Sources\External\MathGeo</Filter>
    </ClInclude>
    <ClInclude Include="External\MathGeo\include\Math\MathTypes.h">
      <Filter>Sources\External\MathGeo</Filter>
    </ClInclude>
    <ClInclude Include="External\MathGeo\include\Math\MatrixProxy.h">
      <Filter>Sources\External\MathGeo</Filter>
    </ClInclude>
    <ClInclude Include="External\MathGeo\include\Math\MiniFloat.h">
      <Filter>Sources\External\MathGeo</Filter>
    </ClInclude>
    <ClInclude Include="External\MathGeo\include\Math\MultiLineMacro.h">
      <Filter>Sources\External\MathGeo</Filter>
    </ClInclude>
    <ClInclude Include="External\MathGeo\include\Math\myassert.h">
      <Filter>Sources\External\MathGeo</Filter>
    </ClInclude>
    <ClInclude Include="External\MathGeo\include\Time\Clock.h">
      <Filter>Sources\External\MathGeo</Filter>
    </ClInclude>
    <ClInclude Include="External\MathGeo\include\Geometry\Ray.h">
      <Filter>Sources\External\MathGeo</Filter>
    </ClInclude>
    <ClInclude Include="External\MathGeo\include\Geometry\Sphere.h">
      <Filter>Sources\External\MathGeo</Filter>
    </ClInclude>
    <ClInclude Include="External\MathGeo\include\Geometry\Triangle.h">
      <Filter>Sources\External\MathGeo</Filter>
    </ClInclude>
    <ClInclude Include="External\MathGeo\include\Geometry\Triangle2D.h">
      <Filter>Sources\External\MathGeo</Filter>
    </ClInclude>
    <ClInclude Include="External\MathGeo\include\Geometry\TriangleMesh.h">
      <Filter>Sources\External\MathGeo</Filter>
    </ClInclude>
    <ClInclude Include="External\MathGeo\include\Geometry\AABB.h">
      <Filter>Sources\External\MathGeo</Filter>
    </ClInclude>
    <ClInclude Include="External\MathGeo\include\Geometry\AABB2D.h">
      <Filter>Sources\External\MathGeo</Filter>
    </ClInclude>
    <ClInclude Include="External\MathGeo\include\Geometry\Capsule.h">
      <Filter>Sources\External\MathGeo</Filter>
    </ClInclude>
    <ClInclude Include="External\MathGeo\include\Geometry\Circle.h">
      <Filter>Sources\External\MathGeo</Filter>
    </ClInclude>
    <ClInclude Include="External\MathGeo\include\Geometry\Circle2D.h">
      <Filter>Sources\External\MathGeo</Filter>
    </ClInclude>
    <ClInclude Include="External\MathGeo\include\Geometry\Frustum.h">
      <Filter>Sources\External\MathGeo</Filter>
    </ClInclude>
    <ClInclude Include="External\MathGeo\include\Geometry\GeometryAll.h">
      <Filter>Sources\External\MathGeo</Filter>
    </ClInclude>
    <ClInclude Include="External\MathGeo\include\Geometry\GeomType.h">
      <Filter>Sources\External\MathGeo</Filter>
    </ClInclude>
    <ClInclude Include="External\MathGeo\include\Geometry\HitInfo.h">
      <Filter>Sources\External\MathGeo</Filter>
    </ClInclude>
    <ClInclude Include="External\MathGeo\include\Geometry\KDTree.h">
      <Filter>Sources\External\MathGeo</Filter>
    </ClInclude>
    <ClInclude Include="External\MathGeo\include\Geometry\Line.h">
      <Filter>Sources\External\MathGeo</Filter>
    </ClInclude>
    <ClInclude Include="External\MathGeo\include\Geometry\LineSegment.h">
      <Filter>Sources\External\MathGeo</Filter>
    </ClInclude>
    <ClInclude Include="External\MathGeo\include\Geometry\LineSegment2D.h">
      <Filter>Sources\External\MathGeo</Filter>
    </ClInclude>
    <ClInclude Include="External\MathGeo\include\Geometry\OBB.h">
      <Filter>Sources\External\MathGeo</Filter>
    </ClInclude>
    <ClInclude Include="External\MathGeo\include\Geometry\OBB2D.h">
      <Filter>Sources\External\MathGeo</Filter>
    </ClInclude>
    <ClInclude Include="External\MathGeo\include\Geometry\PBVolume.h">
      <Filter>Sources\External\MathGeo</Filter>
    </ClInclude>
    <ClInclude Include="External\MathGeo\include\Geometry\Plane.h">
      <Filter>Sources\External\MathGeo</Filter>
    </ClInclude>
    <ClInclude Include="External\MathGeo\include\Geometry\Polygon.h">
      <Filter>Sources\External\MathGeo</Filter>
    </ClInclude>
    <ClInclude Include="External\MathGeo\include\Geometry\Polygon2DRef.h">
      <Filter>Sources\External\MathGeo</Filter>
    </ClInclude>
    <ClInclude Include="External\MathGeo\include\Geometry\Polyhedron.h">
      <Filter>Sources\External\MathGeo</Filter>
    </ClInclude>
    <ClInclude Include="External\MathGeo\include\Geometry\QuadTree.h">
      <Filter>Sources\External\MathGeo</Filter>
    </ClInclude>
    <ClInclude Include="UiPanel.h">
      <Filter>Sources\Modules\Ui</Filter>
    </ClInclude>
    <ClInclude Include="PanelAbout.h">
      <Filter>Sources\Modules\Ui</Filter>
    </ClInclude>
    <ClInclude Include="JsonParser.h">
      <Filter>Sources\Tools\Json</Filter>
    </ClInclude>
    <ClInclude Include="External\Json\parson.h">
      <Filter>Sources\Tools\Json</Filter>
    </ClInclude>
    <ClInclude Include="Color.h">
      <Filter>Sources\Tools</Filter>
    </ClInclude>
    <ClInclude Include="ModuleSceneIntro.h">
      <Filter>Sources\Modules\Game</Filter>
    </ClInclude>
    <ClInclude Include="Primitive.h">
      <Filter>Sources\Tools</Filter>
    </ClInclude>
    <ClInclude Include="Light.h">
      <Filter>Sources\Tools</Filter>
    </ClInclude>
    <ClInclude Include="ImGuiUtils.h">
      <Filter>Sources\Tools</Filter>
    </ClInclude>
    <ClInclude Include="PanelConfiguration.h">
      <Filter>Sources\Modules\Ui</Filter>
    </ClInclude>
    <ClInclude Include="ModuleHardware.h">
      <Filter>Sources\Modules</Filter>
    </ClInclude>
    <ClInclude Include="External\gpudetect\dxgi1_4.h">
      <Filter>Sources\External\gpudetect</Filter>
    </ClInclude>
    <ClInclude Include="External\gpudetect\DeviceId.h">
      <Filter>Sources\External\gpudetect</Filter>
    </ClInclude>
    <ClInclude Include="AssimpDefs.h">
      <Filter>Sources\Tools\Assimp</Filter>
    </ClInclude>
    <ClInclude Include="Resource.h">
      <Filter>Sources\Tools</Filter>
    </ClInclude>
    <ClInclude Include="ModuleFileSystem.h">
      <Filter>Sources\Modules</Filter>
    </ClInclude>
    <ClInclude Include="ModuleFBXLoader.h">
      <Filter>Sources\Modules</Filter>
    </ClInclude>
  </ItemGroup>
  <ItemGroup>
    <ClCompile Include="ModuleCamera3D.cpp">
      <Filter>Sources\Modules</Filter>
    </ClCompile>
    <ClCompile Include="ModuleInput.cpp">
      <Filter>Sources\Modules</Filter>
    </ClCompile>
    <ClCompile Include="ModuleRenderer3D.cpp">
      <Filter>Sources\Modules</Filter>
    </ClCompile>
    <ClCompile Include="ModuleWindow.cpp">
      <Filter>Sources\Modules</Filter>
    </ClCompile>
    <ClCompile Include="log.cpp">
      <Filter>Sources\Tools</Filter>
    </ClCompile>
    <ClCompile Include="Timer.cpp">
      <Filter>Sources\Tools</Filter>
    </ClCompile>
    <ClCompile Include="Application.cpp">
      <Filter>Sources</Filter>
    </ClCompile>
    <ClCompile Include="Main.cpp">
      <Filter>Sources</Filter>
    </ClCompile>
    <ClCompile Include="glmath.cpp">
      <Filter>Sources\Containers</Filter>
    </ClCompile>
    <ClCompile Include="ModuleUI.cpp">
      <Filter>Sources\Modules\Ui</Filter>
    </ClCompile>
    <ClCompile Include="External\Imgui\imgui_impl_opengl3.cpp">
      <Filter>Sources\External\Imgui</Filter>
    </ClCompile>
    <ClCompile Include="External\Imgui\imgui_impl_sdl.cpp">
      <Filter>Sources\External\Imgui</Filter>
    </ClCompile>
    <ClCompile Include="External\Imgui\imgui_tables.cpp">
      <Filter>Sources\External\Imgui</Filter>
    </ClCompile>
    <ClCompile Include="External\Imgui\imgui_widgets.cpp">
      <Filter>Sources\External\Imgui</Filter>
    </ClCompile>
    <ClCompile Include="External\Imgui\imgui.cpp">
      <Filter>Sources\External\Imgui</Filter>
    </ClCompile>
    <ClCompile Include="External\Imgui\imgui_demo.cpp">
      <Filter>Sources\External\Imgui</Filter>
    </ClCompile>
    <ClCompile Include="External\Imgui\imgui_draw.cpp">
      <Filter>Sources\External\Imgui</Filter>
    </ClCompile>
    <ClCompile Include="External\Imgui\imgui_impl_opengl2.cpp">
      <Filter>Sources\External\Imgui</Filter>
    </ClCompile>
    <ClCompile Include="External\MathGeo\include\Algorithm\Random\LCG.cpp">
      <Filter>Sources\External\MathGeo</Filter>
    </ClCompile>
    <ClCompile Include="External\MathGeo\include\Algorithm\GJK2D.cpp">
      <Filter>Sources\External\MathGeo</Filter>
    </ClCompile>
    <ClCompile Include="External\MathGeo\include\Algorithm\SAT.cpp">
      <Filter>Sources\External\MathGeo</Filter>
    </ClCompile>
    <ClCompile Include="External\MathGeo\include\Algorithm\GJK.cpp">
      <Filter>Sources\External\MathGeo</Filter>
    </ClCompile>
    <ClCompile Include="External\MathGeo\include\Math\Quat.cpp">
      <Filter>Sources\External\MathGeo</Filter>
    </ClCompile>
    <ClCompile Include="External\MathGeo\include\Math\SSEMath.cpp">
      <Filter>Sources\External\MathGeo</Filter>
    </ClCompile>
    <ClCompile Include="External\MathGeo\include\Math\TransformOps.cpp">
      <Filter>Sources\External\MathGeo</Filter>
    </ClCompile>
    <ClCompile Include="External\MathGeo\include\Math\BitOps.cpp">
      <Filter>Sources\External\MathGeo</Filter>
    </ClCompile>
    <ClCompile Include="External\MathGeo\include\Math\Callstack.cpp">
      <Filter>Sources\External\MathGeo</Filter>
    </ClCompile>
    <ClCompile Include="External\MathGeo\include\Math\float2.cpp">
      <Filter>Sources\External\MathGeo</Filter>
    </ClCompile>
    <ClCompile Include="External\MathGeo\include\Math\float3.cpp">
      <Filter>Sources\External\MathGeo</Filter>
    </ClCompile>
    <ClCompile Include="External\MathGeo\include\Math\float3x3.cpp">
      <Filter>Sources\External\MathGeo</Filter>
    </ClCompile>
    <ClCompile Include="External\MathGeo\include\Math\float3x4.cpp">
      <Filter>Sources\External\MathGeo</Filter>
    </ClCompile>
    <ClCompile Include="External\MathGeo\include\Math\float4.cpp">
      <Filter>Sources\External\MathGeo</Filter>
    </ClCompile>
    <ClCompile Include="External\MathGeo\include\Math\float4d.cpp">
      <Filter>Sources\External\MathGeo</Filter>
    </ClCompile>
    <ClCompile Include="External\MathGeo\include\Math\float4x4.cpp">
      <Filter>Sources\External\MathGeo</Filter>
    </ClCompile>
    <ClCompile Include="External\MathGeo\include\Math\grisu3.c">
      <Filter>Sources\External\MathGeo</Filter>
    </ClCompile>
    <ClCompile Include="External\MathGeo\include\Math\grisu3_cpp.cpp">
      <Filter>Sources\External\MathGeo</Filter>
    </ClCompile>
    <ClCompile Include="External\MathGeo\include\Math\MathFunc.cpp">
      <Filter>Sources\External\MathGeo</Filter>
    </ClCompile>
    <ClCompile Include="External\MathGeo\include\Math\MathLog.cpp">
      <Filter>Sources\External\MathGeo</Filter>
    </ClCompile>
    <ClCompile Include="External\MathGeo\include\Math\MathOps.cpp">
      <Filter>Sources\External\MathGeo</Filter>
    </ClCompile>
    <ClCompile Include="External\MathGeo\include\Math\MiniFloat.cpp">
      <Filter>Sources\External\MathGeo</Filter>
    </ClCompile>
    <ClCompile Include="External\MathGeo\include\Math\Polynomial.cpp">
      <Filter>Sources\External\MathGeo</Filter>
    </ClCompile>
    <ClCompile Include="External\MathGeo\include\Time\Clock.cpp">
      <Filter>Sources\External\MathGeo</Filter>
    </ClCompile>
    <ClCompile Include="External\MathGeo\include\Geometry\Ray.cpp">
      <Filter>Sources\External\MathGeo</Filter>
    </ClCompile>
    <ClCompile Include="External\MathGeo\include\Geometry\Sphere.cpp">
      <Filter>Sources\External\MathGeo</Filter>
    </ClCompile>
    <ClCompile Include="External\MathGeo\include\Geometry\Triangle.cpp">
      <Filter>Sources\External\MathGeo</Filter>
    </ClCompile>
    <ClCompile Include="External\MathGeo\include\Geometry\Triangle2D.cpp">
      <Filter>Sources\External\MathGeo</Filter>
    </ClCompile>
    <ClCompile Include="External\MathGeo\include\Geometry\TriangleMesh.cpp">
      <Filter>Sources\External\MathGeo</Filter>
    </ClCompile>
    <ClCompile Include="External\MathGeo\include\Geometry\AABB.cpp">
      <Filter>Sources\External\MathGeo</Filter>
    </ClCompile>
    <ClCompile Include="External\MathGeo\include\Geometry\Capsule.cpp">
      <Filter>Sources\External\MathGeo</Filter>
    </ClCompile>
    <ClCompile Include="External\MathGeo\include\Geometry\Circle.cpp">
      <Filter>Sources\External\MathGeo</Filter>
    </ClCompile>
    <ClCompile Include="External\MathGeo\include\Geometry\Circle2D.cpp">
      <Filter>Sources\External\MathGeo</Filter>
    </ClCompile>
    <ClCompile Include="External\MathGeo\include\Geometry\Frustum.cpp">
      <Filter>Sources\External\MathGeo</Filter>
    </ClCompile>
    <ClCompile Include="External\MathGeo\include\Geometry\Line.cpp">
      <Filter>Sources\External\MathGeo</Filter>
    </ClCompile>
    <ClCompile Include="External\MathGeo\include\Geometry\LineSegment.cpp">
      <Filter>Sources\External\MathGeo</Filter>
    </ClCompile>
    <ClCompile Include="External\MathGeo\include\Geometry\LineSegment2D.cpp">
      <Filter>Sources\External\MathGeo</Filter>
    </ClCompile>
    <ClCompile Include="External\MathGeo\include\Geometry\OBB.cpp">
      <Filter>Sources\External\MathGeo</Filter>
    </ClCompile>
    <ClCompile Include="External\MathGeo\include\Geometry\PBVolume.cpp">
      <Filter>Sources\External\MathGeo</Filter>
    </ClCompile>
    <ClCompile Include="External\MathGeo\include\Geometry\Plane.cpp">
      <Filter>Sources\External\MathGeo</Filter>
    </ClCompile>
    <ClCompile Include="External\MathGeo\include\Geometry\Polygon.cpp">
      <Filter>Sources\External\MathGeo</Filter>
    </ClCompile>
    <ClCompile Include="External\MathGeo\include\Geometry\Polyhedron.cpp">
      <Filter>Sources\External\MathGeo</Filter>
    </ClCompile>
    <ClCompile Include="UiPanel.cpp">
      <Filter>Sources\Modules\Ui</Filter>
    </ClCompile>
    <ClCompile Include="PanelAbout.cpp">
      <Filter>Sources\Modules\Ui</Filter>
    </ClCompile>
    <ClCompile Include="JsonParser.cpp">
      <Filter>Sources\Tools\Json</Filter>
    </ClCompile>
    <ClCompile Include="External\Json\parson.c">
      <Filter>Sources\Tools\Json</Filter>
    </ClCompile>
    <ClCompile Include="Color.cpp">
      <Filter>Sources\Tools</Filter>
    </ClCompile>
    <ClCompile Include="ModuleSceneIntro.cpp">
      <Filter>Sources\Modules\Game</Filter>
    </ClCompile>
    <ClCompile Include="Primitive.cpp">
      <Filter>Sources\Tools</Filter>
    </ClCompile>
    <ClCompile Include="Light.cpp">
      <Filter>Sources\Tools</Filter>
    </ClCompile>
    <ClCompile Include="ImGuiUtils.cpp">
      <Filter>Sources\Tools</Filter>
    </ClCompile>
    <ClCompile Include="PanelConfiguration.cpp">
      <Filter>Sources\Modules\Ui</Filter>
    </ClCompile>
    <ClCompile Include="ModuleHardware.cpp">
      <Filter>Sources\Modules</Filter>
    </ClCompile>
    <ClCompile Include="External\gpudetect\DeviceId.cpp">
      <Filter>Sources\External\gpudetect</Filter>
    </ClCompile>
    <ClCompile Include="AssimpDefs.cpp">
      <Filter>Sources\Tools\Assimp</Filter>
    </ClCompile>
    <ClCompile Include="ModuleFileSystem.cpp">
      <Filter>Sources\Modules</Filter>
    </ClCompile>
    <ClCompile Include="ModuleFBXLoader.cpp">
      <Filter>Sources\Modules</Filter>
    </ClCompile>
  </ItemGroup>
  <ItemGroup>
    <None Include="External\MathGeo\include\Math\float2.inl">
      <Filter>Sources\External\MathGeo</Filter>
    </None>
    <None Include="External\MathGeo\include\Math\Matrix.inl">
      <Filter>Sources\External\MathGeo</Filter>
    </None>
    <None Include="External\MathGeo\include\Geometry\QuadTree.inl">
      <Filter>Sources\External\MathGeo</Filter>
    </None>
    <None Include="External\MathGeo\include\Geometry\TriangleMesh_IntersectRay_AVX.inl">
      <Filter>Sources\External\MathGeo</Filter>
    </None>
    <None Include="External\MathGeo\include\Geometry\TriangleMesh_IntersectRay_CPP.inl">
      <Filter>Sources\External\MathGeo</Filter>
    </None>
    <None Include="External\MathGeo\include\Geometry\TriangleMesh_IntersectRay_SSE.inl">
      <Filter>Sources\External\MathGeo</Filter>
    </None>
    <None Include="External\MathGeo\include\Geometry\KDTree.inl">
      <Filter>Sources\External\MathGeo</Filter>
    </None>
  </ItemGroup>
</Project>