<?xml version="1.0" encoding="utf-8"?>
<Project ToolsVersion="4.0" xmlns="http://schemas.microsoft.com/developer/msbuild/2003">
  <ItemGroup>
    <Filter Include="Sources">
      <UniqueIdentifier>{8b7ed093-66ce-4096-96d2-fbb9faa4bf52}</UniqueIdentifier>
    </Filter>
    <Filter Include="Sources\Modules">
      <UniqueIdentifier>{7b418be2-1631-4a31-9ef2-8a8b234a7339}</UniqueIdentifier>
    </Filter>
    <Filter Include="Sources\Tools">
      <UniqueIdentifier>{7e4dfaf7-022c-4f7d-92aa-f3b3fa9d6248}</UniqueIdentifier>
    </Filter>
    <Filter Include="Sources\External">
      <UniqueIdentifier>{28425b99-a72e-42ab-9a48-cbf3d78eba28}</UniqueIdentifier>
    </Filter>
    <Filter Include="Sources\External\Imgui">
      <UniqueIdentifier>{7c7dbc32-7508-4c42-9d7f-0e1b072478f7}</UniqueIdentifier>
    </Filter>
    <Filter Include="Sources\Ui">
      <UniqueIdentifier>{e3f32db3-b878-4503-9eba-8dd6fdd71a9a}</UniqueIdentifier>
    </Filter>
    <Filter Include="Sources\GameObject">
      <UniqueIdentifier>{c3dca084-f6a5-46e3-956c-feb60b7fc4f4}</UniqueIdentifier>
    </Filter>
    <Filter Include="Sources\GameObject\Component">
      <UniqueIdentifier>{7475548b-dd04-435a-847e-1706069c79db}</UniqueIdentifier>
    </Filter>
    <Filter Include="Sources\Renderer">
      <UniqueIdentifier>{35b7982d-6677-472b-b372-80df5a5dfb2c}</UniqueIdentifier>
    </Filter>
    <Filter Include="Sources\External\PugiXml">
      <UniqueIdentifier>{4ebd3165-6c1d-44db-ba25-72d672ea5c93}</UniqueIdentifier>
    </Filter>
    <Filter Include="Sources\External\MathGeo">
      <UniqueIdentifier>{f1a5a98e-3bb6-4016-af51-2655d6a3671f}</UniqueIdentifier>
    </Filter>
    <Filter Include="Sources\External\GPUDetect">
      <UniqueIdentifier>{5dd7dab0-c5aa-4efe-9e0a-0b9771e9cf8c}</UniqueIdentifier>
    </Filter>
    <Filter Include="Sources\External\Nlohmann">
      <UniqueIdentifier>{8fd92bf5-5ec9-4187-ac6a-006ea2e73401}</UniqueIdentifier>
    </Filter>
    <Filter Include="Sources\External\ImGuiFileDialog">
      <UniqueIdentifier>{b4866465-3ae4-44b6-8cf3-86cdb3ff294c}</UniqueIdentifier>
    </Filter>
    <Filter Include="Sources\External\ImGuizmo">
      <UniqueIdentifier>{4f3edba9-e0eb-4c46-ba63-af3f75c6056b}</UniqueIdentifier>
    </Filter>
    <Filter Include="Sources\Resources">
      <UniqueIdentifier>{888c4474-6936-4bdb-b13b-278d59bc0055}</UniqueIdentifier>
    </Filter>
  </ItemGroup>
  <ItemGroup>
    <ClInclude Include="Module.h">
      <Filter>Sources\Modules</Filter>
    </ClInclude>
    <ClInclude Include="ModuleCamera3D.h">
      <Filter>Sources\Modules</Filter>
    </ClInclude>
    <ClInclude Include="ModuleInput.h">
      <Filter>Sources\Modules</Filter>
    </ClInclude>
    <ClInclude Include="ModuleRenderer3D.h">
      <Filter>Sources\Modules</Filter>
    </ClInclude>
    <ClInclude Include="ModuleWindow.h">
      <Filter>Sources\Modules</Filter>
    </ClInclude>
    <ClInclude Include="Application.h">
      <Filter>Sources</Filter>
    </ClInclude>
    <ClInclude Include="Globals.h">
      <Filter>Sources</Filter>
    </ClInclude>
    <ClInclude Include="External\Imgui\imgui_impl_opengl2.h">
      <Filter>Sources\External\Imgui</Filter>
    </ClInclude>
    <ClInclude Include="External\Imgui\imgui_impl_opengl3.h">
      <Filter>Sources\External\Imgui</Filter>
    </ClInclude>
    <ClInclude Include="External\Imgui\imgui_impl_opengl3_loader.h">
      <Filter>Sources\External\Imgui</Filter>
    </ClInclude>
    <ClInclude Include="External\Imgui\imgui_impl_sdl.h">
      <Filter>Sources\External\Imgui</Filter>
    </ClInclude>
    <ClInclude Include="External\Imgui\imgui_internal.h">
      <Filter>Sources\External\Imgui</Filter>
    </ClInclude>
    <ClInclude Include="External\Imgui\imstb_rectpack.h">
      <Filter>Sources\External\Imgui</Filter>
    </ClInclude>
    <ClInclude Include="External\Imgui\imstb_textedit.h">
      <Filter>Sources\External\Imgui</Filter>
    </ClInclude>
    <ClInclude Include="External\Imgui\imstb_truetype.h">
      <Filter>Sources\External\Imgui</Filter>
    </ClInclude>
    <ClInclude Include="External\Imgui\imconfig.h">
      <Filter>Sources\External\Imgui</Filter>
    </ClInclude>
    <ClInclude Include="External\Imgui\imgui.h">
      <Filter>Sources\External\Imgui</Filter>
    </ClInclude>
    <ClInclude Include="UiPanel.h">
      <Filter>Sources\Ui</Filter>
    </ClInclude>
    <ClInclude Include="PanelAbout.h">
      <Filter>Sources\Ui</Filter>
    </ClInclude>
    <ClInclude Include="Color.h">
      <Filter>Sources\Tools</Filter>
    </ClInclude>
    <ClInclude Include="Mesh.h">
      <Filter>Sources\Tools</Filter>
    </ClInclude>
    <ClInclude Include="Light.h">
      <Filter>Sources\Tools</Filter>
    </ClInclude>
    <ClInclude Include="ImGuiUtils.h">
      <Filter>Sources\Tools</Filter>
    </ClInclude>
    <ClInclude Include="PanelConfiguration.h">
      <Filter>Sources\Ui</Filter>
    </ClInclude>
    <ClInclude Include="ModuleFileSystem.h">
      <Filter>Sources\Modules</Filter>
    </ClInclude>
    <ClInclude Include="DevIL.h">
      <Filter>Sources\Tools</Filter>
    </ClInclude>
    <ClInclude Include="GameObject.h">
      <Filter>Sources\GameObject</Filter>
    </ClInclude>
    <ClInclude Include="ComponentTransform.h">
      <Filter>Sources\GameObject\Component</Filter>
    </ClInclude>
    <ClInclude Include="Component.h">
      <Filter>Sources\GameObject\Component</Filter>
    </ClInclude>
    <ClInclude Include="ComponentMaterial.h">
      <Filter>Sources\GameObject\Component</Filter>
    </ClInclude>
    <ClInclude Include="ComponentMesh.h">
      <Filter>Sources\GameObject\Component</Filter>
    </ClInclude>
    <ClInclude Include="PanelInspector.h">
      <Filter>Sources\Ui</Filter>
    </ClInclude>
    <ClInclude Include="PanelConsole.h">
      <Filter>Sources\Ui</Filter>
    </ClInclude>
    <ClInclude Include="PanelHierarchy.h">
      <Filter>Sources\Ui</Filter>
    </ClInclude>
    <ClInclude Include="ModuleSceneIntro.h">
      <Filter>Sources\Modules</Filter>
    </ClInclude>
    <ClInclude Include="ModuleUI.h">
      <Filter>Sources\Modules</Filter>
    </ClInclude>
    <ClInclude Include="Resource.h">
      <Filter>Sources\Resources</Filter>
    </ClInclude>
    <ClInclude Include="List.h">
      <Filter>Sources\Tools</Filter>
    </ClInclude>
    <ClInclude Include="Timer.hpp">
      <Filter>Sources\Tools</Filter>
    </ClInclude>
    <ClInclude Include="Point.h">
      <Filter>Sources\Tools</Filter>
    </ClInclude>
    <ClInclude Include="External\PugiXml\src\pugixml.hpp">
      <Filter>Sources\External\PugiXml</Filter>
    </ClInclude>
    <ClInclude Include="External\PugiXml\src\pugiconfig.hpp">
      <Filter>Sources\External\PugiXml</Filter>
    </ClInclude>
    <ClInclude Include="Loggs.h">
      <Filter>Sources\Tools</Filter>
    </ClInclude>
    <ClInclude Include="PanelScene.h">
      <Filter>Sources\Ui</Filter>
    </ClInclude>
    <ClInclude Include="FrameBuffer.h">
      <Filter>Sources\Renderer</Filter>
    </ClInclude>
    <ClInclude Include="Renderer.h">
      <Filter>Sources\Renderer</Filter>
    </ClInclude>
    <ClInclude Include="MeshRenderer.h">
      <Filter>Sources\Renderer</Filter>
    </ClInclude>
    <ClInclude Include="External\MathGeo\include\MathGeoLib.h">
      <Filter>Sources\External\MathGeo</Filter>
    </ClInclude>
    <ClInclude Include="External\MathGeo\include\MathGeoLibFwd.h">
      <Filter>Sources\External\MathGeo</Filter>
    </ClInclude>
    <ClInclude Include="External\MathGeo\include\MathBuildConfig.h">
      <Filter>Sources\External\MathGeo</Filter>
    </ClInclude>
    <ClInclude Include="External\MathGeo\include\Geometry\Polyhedron.h">
      <Filter>Sources\External\MathGeo</Filter>
    </ClInclude>
    <ClInclude Include="External\MathGeo\include\Geometry\QuadTree.h">
      <Filter>Sources\External\MathGeo</Filter>
    </ClInclude>
    <ClInclude Include="External\MathGeo\include\Geometry\Ray.h">
      <Filter>Sources\External\MathGeo</Filter>
    </ClInclude>
    <ClInclude Include="External\MathGeo\include\Geometry\Sphere.h">
      <Filter>Sources\External\MathGeo</Filter>
    </ClInclude>
    <ClInclude Include="External\MathGeo\include\Geometry\Triangle.h">
      <Filter>Sources\External\MathGeo</Filter>
    </ClInclude>
    <ClInclude Include="External\MathGeo\include\Geometry\TriangleMesh.h">
      <Filter>Sources\External\MathGeo</Filter>
    </ClInclude>
    <ClInclude Include="External\MathGeo\include\Geometry\AABB.h">
      <Filter>Sources\External\MathGeo</Filter>
    </ClInclude>
    <ClInclude Include="External\MathGeo\include\Geometry\AABB2D.h">
      <Filter>Sources\External\MathGeo</Filter>
    </ClInclude>
    <ClInclude Include="External\MathGeo\include\Geometry\Capsule.h">
      <Filter>Sources\External\MathGeo</Filter>
    </ClInclude>
    <ClInclude Include="External\MathGeo\include\Geometry\Circle.h">
      <Filter>Sources\External\MathGeo</Filter>
    </ClInclude>
    <ClInclude Include="External\MathGeo\include\Geometry\Cone.h">
      <Filter>Sources\External\MathGeo</Filter>
    </ClInclude>
    <ClInclude Include="External\MathGeo\include\Geometry\Cylinder.h">
      <Filter>Sources\External\MathGeo</Filter>
    </ClInclude>
    <ClInclude Include="External\MathGeo\include\Geometry\Frustum.h">
      <Filter>Sources\External\MathGeo</Filter>
    </ClInclude>
    <ClInclude Include="External\MathGeo\include\Geometry\GeometryAll.h">
      <Filter>Sources\External\MathGeo</Filter>
    </ClInclude>
    <ClInclude Include="External\MathGeo\include\Geometry\GeomType.h">
      <Filter>Sources\External\MathGeo</Filter>
    </ClInclude>
    <ClInclude Include="External\MathGeo\include\Geometry\HitInfo.h">
      <Filter>Sources\External\MathGeo</Filter>
    </ClInclude>
    <ClInclude Include="External\MathGeo\include\Geometry\KDTree.h">
      <Filter>Sources\External\MathGeo</Filter>
    </ClInclude>
    <ClInclude Include="External\MathGeo\include\Geometry\Line.h">
      <Filter>Sources\External\MathGeo</Filter>
    </ClInclude>
    <ClInclude Include="External\MathGeo\include\Geometry\LineSegment.h">
      <Filter>Sources\External\MathGeo</Filter>
    </ClInclude>
    <ClInclude Include="External\MathGeo\include\Geometry\OBB.h">
      <Filter>Sources\External\MathGeo</Filter>
    </ClInclude>
    <ClInclude Include="External\MathGeo\include\Geometry\PBVolume.h">
      <Filter>Sources\External\MathGeo</Filter>
    </ClInclude>
    <ClInclude Include="External\MathGeo\include\Geometry\Plane.h">
      <Filter>Sources\External\MathGeo</Filter>
    </ClInclude>
    <ClInclude Include="External\MathGeo\include\Geometry\Polygon.h">
      <Filter>Sources\External\MathGeo</Filter>
    </ClInclude>
    <ClInclude Include="External\MathGeo\include\Algorithm\Random\LCG.h">
      <Filter>Sources\External\MathGeo</Filter>
    </ClInclude>
    <ClInclude Include="External\MathGeo\include\Math\float2.h">
      <Filter>Sources\External\MathGeo</Filter>
    </ClInclude>
    <ClInclude Include="External\MathGeo\include\Math\float3.h">
      <Filter>Sources\External\MathGeo</Filter>
    </ClInclude>
    <ClInclude Include="External\MathGeo\include\Math\float3x3.h">
      <Filter>Sources\External\MathGeo</Filter>
    </ClInclude>
    <ClInclude Include="External\MathGeo\include\Math\float3x4.h">
      <Filter>Sources\External\MathGeo</Filter>
    </ClInclude>
    <ClInclude Include="External\MathGeo\include\Math\float4.h">
      <Filter>Sources\External\MathGeo</Filter>
    </ClInclude>
    <ClInclude Include="External\MathGeo\include\Math\float4_neon.h">
      <Filter>Sources\External\MathGeo</Filter>
    </ClInclude>
    <ClInclude Include="External\MathGeo\include\Math\float4_sse.h">
      <Filter>Sources\External\MathGeo</Filter>
    </ClInclude>
    <ClInclude Include="External\MathGeo\include\Math\float4x4.h">
      <Filter>Sources\External\MathGeo</Filter>
    </ClInclude>
    <ClInclude Include="External\MathGeo\include\Math\float4x4_neon.h">
      <Filter>Sources\External\MathGeo</Filter>
    </ClInclude>
    <ClInclude Include="External\MathGeo\include\Math\float4x4_sse.h">
      <Filter>Sources\External\MathGeo</Filter>
    </ClInclude>
    <ClInclude Include="External\MathGeo\include\Math\FloatCmp.h">
      <Filter>Sources\External\MathGeo</Filter>
    </ClInclude>
    <ClInclude Include="External\MathGeo\include\Math\MathAll.h">
      <Filter>Sources\External\MathGeo</Filter>
    </ClInclude>
    <ClInclude Include="External\MathGeo\include\Math\MathConstants.h">
      <Filter>Sources\External\MathGeo</Filter>
    </ClInclude>
    <ClInclude Include="External\MathGeo\include\Math\MathFunc.h">
      <Filter>Sources\External\MathGeo</Filter>
    </ClInclude>
    <ClInclude Include="External\MathGeo\include\Math\MathLog.h">
      <Filter>Sources\External\MathGeo</Filter>
    </ClInclude>
    <ClInclude Include="External\MathGeo\include\Math\MathNamespace.h">
      <Filter>Sources\External\MathGeo</Filter>
    </ClInclude>
    <ClInclude Include="External\MathGeo\include\Math\MathTypes.h">
      <Filter>Sources\External\MathGeo</Filter>
    </ClInclude>
    <ClInclude Include="External\MathGeo\include\Math\MatrixProxy.h">
      <Filter>Sources\External\MathGeo</Filter>
    </ClInclude>
    <ClInclude Include="External\MathGeo\include\Math\myassert.h">
      <Filter>Sources\External\MathGeo</Filter>
    </ClInclude>
    <ClInclude Include="External\MathGeo\include\Math\Polynomial.h">
      <Filter>Sources\External\MathGeo</Filter>
    </ClInclude>
    <ClInclude Include="External\MathGeo\include\Math\Quat.h">
      <Filter>Sources\External\MathGeo</Filter>
    </ClInclude>
    <ClInclude Include="External\MathGeo\include\Math\quat_simd.h">
      <Filter>Sources\External\MathGeo</Filter>
    </ClInclude>
    <ClInclude Include="External\MathGeo\include\Math\Rect.h">
      <Filter>Sources\External\MathGeo</Filter>
    </ClInclude>
    <ClInclude Include="External\MathGeo\include\Math\Reinterpret.h">
      <Filter>Sources\External\MathGeo</Filter>
    </ClInclude>
    <ClInclude Include="External\MathGeo\include\Math\sse_mathfun.h">
      <Filter>Sources\External\MathGeo</Filter>
    </ClInclude>
    <ClInclude Include="External\MathGeo\include\Math\SSEMath.h">
      <Filter>Sources\External\MathGeo</Filter>
    </ClInclude>
    <ClInclude Include="External\MathGeo\include\Math\TransformOps.h">
      <Filter>Sources\External\MathGeo</Filter>
    </ClInclude>
    <ClInclude Include="External\MathGeo\include\Math\assume.h">
      <Filter>Sources\External\MathGeo</Filter>
    </ClInclude>
    <ClInclude Include="External\MathGeo\include\Math\BitOps.h">
      <Filter>Sources\External\MathGeo</Filter>
    </ClInclude>
    <ClInclude Include="External\MathGeo\include\Math\Complex.h">
      <Filter>Sources\External\MathGeo</Filter>
    </ClInclude>
    <ClInclude Include="External\MathGeo\include\Math\CoordinateAxisConvention.h">
      <Filter>Sources\External\MathGeo</Filter>
    </ClInclude>
    <ClInclude Include="External\MathGeo\include\Math\FixedPoint.h">
      <Filter>Sources\External\MathGeo</Filter>
    </ClInclude>
    <ClInclude Include="External\MathGeo\include\Time\Clock.h">
      <Filter>Sources\External\MathGeo</Filter>
    </ClInclude>
    <ClInclude Include="Shader.h">
      <Filter>Sources\Renderer</Filter>
    </ClInclude>
    <ClInclude Include="Camera.h">
      <Filter>Sources\Tools</Filter>
    </ClInclude>
    <ClInclude Include="ComponentCamera.h">
      <Filter>Sources\GameObject\Component</Filter>
    </ClInclude>
    <ClInclude Include="External\GPUDetect\DeviceId.h">
      <Filter>Sources\External\GPUDetect</Filter>
    </ClInclude>
    <ClInclude Include="External\GPUDetect\dxgi1_4.h">
      <Filter>Sources\External\GPUDetect</Filter>
    </ClInclude>
    <ClInclude Include="PanelGame.h">
      <Filter>Sources\Ui</Filter>
    </ClInclude>
    <ClInclude Include="External\Imgui\misc\cpp\imgui_stdlib.h">
      <Filter>Sources\External\Imgui</Filter>
    </ClInclude>
    <ClInclude Include="TEUUID.h">
      <Filter>Sources\Resources</Filter>
    </ClInclude>
    <ClInclude Include="LibraryManager.h">
      <Filter>Sources\Resources</Filter>
    </ClInclude>
    <ClInclude Include="External\Nlohmann\byte_container_with_subtype.hpp">
      <Filter>Sources\External\Nlohmann</Filter>
    </ClInclude>
    <ClInclude Include="External\Nlohmann\json.hpp">
      <Filter>Sources\External\Nlohmann</Filter>
    </ClInclude>
    <ClInclude Include="External\Nlohmann\json_fwd.hpp">
      <Filter>Sources\External\Nlohmann</Filter>
    </ClInclude>
    <ClInclude Include="External\Nlohmann\ordered_map.hpp">
      <Filter>Sources\External\Nlohmann</Filter>
    </ClInclude>
    <ClInclude Include="External\Nlohmann\adl_serializer.hpp">
      <Filter>Sources\External\Nlohmann</Filter>
    </ClInclude>
    <ClInclude Include="External\Nlohmann\thirdparty\hedley\hedley.hpp">
      <Filter>Sources\External\Nlohmann</Filter>
    </ClInclude>
    <ClInclude Include="External\Nlohmann\thirdparty\hedley\hedley_undef.hpp">
      <Filter>Sources\External\Nlohmann</Filter>
    </ClInclude>
    <ClInclude Include="External\Nlohmann\detail\json_pointer.hpp">
      <Filter>Sources\External\Nlohmann</Filter>
    </ClInclude>
    <ClInclude Include="External\Nlohmann\detail\json_ref.hpp">
      <Filter>Sources\External\Nlohmann</Filter>
    </ClInclude>
    <ClInclude Include="External\Nlohmann\detail\macro_scope.hpp">
      <Filter>Sources\External\Nlohmann</Filter>
    </ClInclude>
    <ClInclude Include="External\Nlohmann\detail\macro_unscope.hpp">
      <Filter>Sources\External\Nlohmann</Filter>
    </ClInclude>
    <ClInclude Include="External\Nlohmann\detail\string_concat.hpp">
      <Filter>Sources\External\Nlohmann</Filter>
    </ClInclude>
    <ClInclude Include="External\Nlohmann\detail\string_escape.hpp">
      <Filter>Sources\External\Nlohmann</Filter>
    </ClInclude>
    <ClInclude Include="External\Nlohmann\detail\value_t.hpp">
      <Filter>Sources\External\Nlohmann</Filter>
    </ClInclude>
    <ClInclude Include="External\Nlohmann\detail\abi_macros.hpp">
      <Filter>Sources\External\Nlohmann</Filter>
    </ClInclude>
    <ClInclude Include="External\Nlohmann\detail\exceptions.hpp">
      <Filter>Sources\External\Nlohmann</Filter>
    </ClInclude>
    <ClInclude Include="External\Nlohmann\detail\hash.hpp">
      <Filter>Sources\External\Nlohmann</Filter>
    </ClInclude>
    <ClInclude Include="External\Nlohmann\detail\conversions\to_chars.hpp">
      <Filter>Sources\External\Nlohmann</Filter>
    </ClInclude>
    <ClInclude Include="External\Nlohmann\detail\conversions\to_json.hpp">
      <Filter>Sources\External\Nlohmann</Filter>
    </ClInclude>
    <ClInclude Include="External\Nlohmann\detail\conversions\from_json.hpp">
      <Filter>Sources\External\Nlohmann</Filter>
    </ClInclude>
    <ClInclude Include="External\Nlohmann\detail\input\input_adapters.hpp">
      <Filter>Sources\External\Nlohmann</Filter>
    </ClInclude>
    <ClInclude Include="External\Nlohmann\detail\input\json_sax.hpp">
      <Filter>Sources\External\Nlohmann</Filter>
    </ClInclude>
    <ClInclude Include="External\Nlohmann\detail\input\lexer.hpp">
      <Filter>Sources\External\Nlohmann</Filter>
    </ClInclude>
    <ClInclude Include="External\Nlohmann\detail\input\parser.hpp">
      <Filter>Sources\External\Nlohmann</Filter>
    </ClInclude>
    <ClInclude Include="External\Nlohmann\detail\input\position_t.hpp">
      <Filter>Sources\External\Nlohmann</Filter>
    </ClInclude>
    <ClInclude Include="External\Nlohmann\detail\input\binary_reader.hpp">
      <Filter>Sources\External\Nlohmann</Filter>
    </ClInclude>
    <ClInclude Include="External\Nlohmann\detail\iterators\iterator_traits.hpp">
      <Filter>Sources\External\Nlohmann</Filter>
    </ClInclude>
    <ClInclude Include="External\Nlohmann\detail\iterators\json_reverse_iterator.hpp">
      <Filter>Sources\External\Nlohmann</Filter>
    </ClInclude>
    <ClInclude Include="External\Nlohmann\detail\iterators\primitive_iterator.hpp">
      <Filter>Sources\External\Nlohmann</Filter>
    </ClInclude>
    <ClInclude Include="External\Nlohmann\detail\iterators\internal_iterator.hpp">
      <Filter>Sources\External\Nlohmann</Filter>
    </ClInclude>
    <ClInclude Include="External\Nlohmann\detail\iterators\iter_impl.hpp">
      <Filter>Sources\External\Nlohmann</Filter>
    </ClInclude>
    <ClInclude Include="External\Nlohmann\detail\iterators\iteration_proxy.hpp">
      <Filter>Sources\External\Nlohmann</Filter>
    </ClInclude>
    <ClInclude Include="External\Nlohmann\detail\meta\is_sax.hpp">
      <Filter>Sources\External\Nlohmann</Filter>
    </ClInclude>
    <ClInclude Include="External\Nlohmann\detail\meta\std_fs.hpp">
      <Filter>Sources\External\Nlohmann</Filter>
    </ClInclude>
    <ClInclude Include="External\Nlohmann\detail\meta\type_traits.hpp">
      <Filter>Sources\External\Nlohmann</Filter>
    </ClInclude>
    <ClInclude Include="External\Nlohmann\detail\meta\void_t.hpp">
      <Filter>Sources\External\Nlohmann</Filter>
    </ClInclude>
    <ClInclude Include="External\Nlohmann\detail\meta\cpp_future.hpp">
      <Filter>Sources\External\Nlohmann</Filter>
    </ClInclude>
    <ClInclude Include="External\Nlohmann\detail\meta\detected.hpp">
      <Filter>Sources\External\Nlohmann</Filter>
    </ClInclude>
    <ClInclude Include="External\Nlohmann\detail\meta\identity_tag.hpp">
      <Filter>Sources\External\Nlohmann</Filter>
    </ClInclude>
    <ClInclude Include="External\Nlohmann\detail\meta\call_std\begin.hpp">
      <Filter>Sources\External\Nlohmann</Filter>
    </ClInclude>
    <ClInclude Include="External\Nlohmann\detail\meta\call_std\end.hpp">
      <Filter>Sources\External\Nlohmann</Filter>
    </ClInclude>
    <ClInclude Include="External\Nlohmann\detail\output\binary_writer.hpp">
      <Filter>Sources\External\Nlohmann</Filter>
    </ClInclude>
    <ClInclude Include="External\Nlohmann\detail\output\output_adapters.hpp">
      <Filter>Sources\External\Nlohmann</Filter>
    </ClInclude>
    <ClInclude Include="External\Nlohmann\detail\output\serializer.hpp">
      <Filter>Sources\External\Nlohmann</Filter>
    </ClInclude>
    <ClInclude Include="JsonUtils.h">
      <Filter>Sources\Tools</Filter>
    </ClInclude>
    <ClInclude Include="External\ImGuiFileDialog\ImGuiFileDialog.h">
      <Filter>Sources\External\ImGuiFileDialog</Filter>
    </ClInclude>
    <ClInclude Include="External\ImGuiFileDialog\ImGuiFileDialogConfig.h">
      <Filter>Sources\External\ImGuiFileDialog</Filter>
    </ClInclude>
    <ClInclude Include="External\ImGuiFileDialog\stb\stb_image_resize.h">
      <Filter>Sources\External\ImGuiFileDialog</Filter>
    </ClInclude>
    <ClInclude Include="External\ImGuiFileDialog\stb\stb_image.h">
      <Filter>Sources\External\ImGuiFileDialog</Filter>
    </ClInclude>
    <ClInclude Include="External\ImGuiFileDialog\dirent\dirent.h">
      <Filter>Sources\External\ImGuiFileDialog</Filter>
    </ClInclude>
    <ClInclude Include="External\ImGuizmo\ImGradient.h">
      <Filter>Sources\External\ImGuizmo</Filter>
    </ClInclude>
    <ClInclude Include="External\ImGuizmo\ImGuizmo.h">
      <Filter>Sources\External\ImGuizmo</Filter>
    </ClInclude>
    <ClInclude Include="External\ImGuizmo\ImSequencer.h">
      <Filter>Sources\External\ImGuizmo</Filter>
    </ClInclude>
    <ClInclude Include="External\ImGuizmo\ImZoomSlider.h">
      <Filter>Sources\External\ImGuizmo</Filter>
    </ClInclude>
    <ClInclude Include="External\ImGuizmo\GraphEditor.h">
      <Filter>Sources\External\ImGuizmo</Filter>
    </ClInclude>
    <ClInclude Include="External\ImGuizmo\ImCurveEdit.h">
      <Filter>Sources\External\ImGuizmo</Filter>
    </ClInclude>
    <ClInclude Include="PanelLibrary.h">
      <Filter>Sources\Ui</Filter>
    </ClInclude>
    <ClInclude Include="LibraryFolder.h">
      <Filter>Sources\Resources</Filter>
    </ClInclude>
    <ClInclude Include="TextureImporter.h">
      <Filter>Sources\Renderer</Filter>
    </ClInclude>
    <ClInclude Include="MeshImporter.h">
      <Filter>Sources\Renderer</Filter>
    </ClInclude>
    <ClInclude Include="ModuleResources.h">
      <Filter>Sources\Modules</Filter>
    </ClInclude>
    <ClInclude Include="ResourceTexture.h">
      <Filter>Sources\Resources</Filter>
    </ClInclude>
    <ClInclude Include="ResourceMesh.h">
      <Filter>Sources\Resources</Filter>
    </ClInclude>
  </ItemGroup>
  <ItemGroup>
    <ClCompile Include="ModuleCamera3D.cpp">
      <Filter>Sources\Modules</Filter>
    </ClCompile>
    <ClCompile Include="ModuleInput.cpp">
      <Filter>Sources\Modules</Filter>
    </ClCompile>
    <ClCompile Include="ModuleRenderer3D.cpp">
      <Filter>Sources\Modules</Filter>
    </ClCompile>
    <ClCompile Include="ModuleWindow.cpp">
      <Filter>Sources\Modules</Filter>
    </ClCompile>
    <ClCompile Include="Loggs.cpp">
      <Filter>Sources\Tools</Filter>
    </ClCompile>
    <ClCompile Include="Application.cpp">
      <Filter>Sources</Filter>
    </ClCompile>
    <ClCompile Include="Main.cpp">
      <Filter>Sources</Filter>
    </ClCompile>
    <ClCompile Include="External\Imgui\imgui_impl_opengl3.cpp">
      <Filter>Sources\External\Imgui</Filter>
    </ClCompile>
    <ClCompile Include="External\Imgui\imgui_impl_sdl.cpp">
      <Filter>Sources\External\Imgui</Filter>
    </ClCompile>
    <ClCompile Include="External\Imgui\imgui_tables.cpp">
      <Filter>Sources\External\Imgui</Filter>
    </ClCompile>
    <ClCompile Include="External\Imgui\imgui_widgets.cpp">
      <Filter>Sources\External\Imgui</Filter>
    </ClCompile>
    <ClCompile Include="External\Imgui\imgui.cpp">
      <Filter>Sources\External\Imgui</Filter>
    </ClCompile>
    <ClCompile Include="External\Imgui\imgui_demo.cpp">
      <Filter>Sources\External\Imgui</Filter>
    </ClCompile>
    <ClCompile Include="External\Imgui\imgui_draw.cpp">
      <Filter>Sources\External\Imgui</Filter>
    </ClCompile>
    <ClCompile Include="External\Imgui\imgui_impl_opengl2.cpp">
      <Filter>Sources\External\Imgui</Filter>
    </ClCompile>
    <ClCompile Include="PanelAbout.cpp">
      <Filter>Sources\Ui</Filter>
    </ClCompile>
    <ClCompile Include="Color.cpp">
      <Filter>Sources\Tools</Filter>
    </ClCompile>
    <ClCompile Include="Mesh.cpp">
      <Filter>Sources\Tools</Filter>
    </ClCompile>
    <ClCompile Include="Light.cpp">
      <Filter>Sources\Tools</Filter>
    </ClCompile>
    <ClCompile Include="PanelConfiguration.cpp">
      <Filter>Sources\Ui</Filter>
    </ClCompile>
    <ClCompile Include="ModuleFileSystem.cpp">
      <Filter>Sources\Modules</Filter>
    </ClCompile>
    <ClCompile Include="GameObject.cpp">
      <Filter>Sources\GameObject</Filter>
    </ClCompile>
    <ClCompile Include="Component.cpp">
      <Filter>Sources\GameObject\Component</Filter>
    </ClCompile>
    <ClCompile Include="ComponentMaterial.cpp">
      <Filter>Sources\GameObject\Component</Filter>
    </ClCompile>
    <ClCompile Include="ComponentMesh.cpp">
      <Filter>Sources\GameObject\Component</Filter>
    </ClCompile>
    <ClCompile Include="ComponentTransform.cpp">
      <Filter>Sources\GameObject\Component</Filter>
    </ClCompile>
    <ClCompile Include="PanelConsole.cpp">
      <Filter>Sources\Ui</Filter>
    </ClCompile>
    <ClCompile Include="PanelHierarchy.cpp">
      <Filter>Sources\Ui</Filter>
    </ClCompile>
    <ClCompile Include="PanelInspector.cpp">
      <Filter>Sources\Ui</Filter>
    </ClCompile>
    <ClCompile Include="ModuleSceneIntro.cpp">
      <Filter>Sources\Modules</Filter>
    </ClCompile>
    <ClCompile Include="ModuleUI.cpp">
      <Filter>Sources\Modules</Filter>
    </ClCompile>
    <ClCompile Include="MemLeaks.h">
      <Filter>Sources\Tools</Filter>
    </ClCompile>
    <ClCompile Include="External\PugiXml\src\pugixml.cpp">
      <Filter>Sources\External\PugiXml</Filter>
    </ClCompile>
    <ClCompile Include="PanelScene.cpp">
      <Filter>Sources\Ui</Filter>
    </ClCompile>
    <ClCompile Include="FrameBuffer.cpp">
      <Filter>Sources\Renderer</Filter>
    </ClCompile>
    <ClCompile Include="Renderer.cpp">
      <Filter>Sources\Renderer</Filter>
    </ClCompile>
    <ClCompile Include="MeshRenderer.cpp">
      <Filter>Sources\Renderer</Filter>
    </ClCompile>
    <ClCompile Include="External\MathGeo\include\Geometry\Ray.cpp">
      <Filter>Sources\External\MathGeo</Filter>
    </ClCompile>
    <ClCompile Include="External\MathGeo\include\Geometry\Sphere.cpp">
      <Filter>Sources\External\MathGeo</Filter>
    </ClCompile>
    <ClCompile Include="External\MathGeo\include\Geometry\Triangle.cpp">
      <Filter>Sources\External\MathGeo</Filter>
    </ClCompile>
    <ClCompile Include="External\MathGeo\include\Geometry\TriangleMesh.cpp">
      <Filter>Sources\External\MathGeo</Filter>
    </ClCompile>
    <ClCompile Include="External\MathGeo\include\Geometry\AABB.cpp">
      <Filter>Sources\External\MathGeo</Filter>
    </ClCompile>
    <ClCompile Include="External\MathGeo\include\Geometry\Capsule.cpp">
      <Filter>Sources\External\MathGeo</Filter>
    </ClCompile>
    <ClCompile Include="External\MathGeo\include\Geometry\Circle.cpp">
      <Filter>Sources\External\MathGeo</Filter>
    </ClCompile>
    <ClCompile Include="External\MathGeo\include\Geometry\Cone.cpp">
      <Filter>Sources\External\MathGeo</Filter>
    </ClCompile>
    <ClCompile Include="External\MathGeo\include\Geometry\Cylinder.cpp">
      <Filter>Sources\External\MathGeo</Filter>
    </ClCompile>
    <ClCompile Include="External\MathGeo\include\Geometry\Frustum.cpp">
      <Filter>Sources\External\MathGeo</Filter>
    </ClCompile>
    <ClCompile Include="External\MathGeo\include\Geometry\Line.cpp">
      <Filter>Sources\External\MathGeo</Filter>
    </ClCompile>
    <ClCompile Include="External\MathGeo\include\Geometry\LineSegment.cpp">
      <Filter>Sources\External\MathGeo</Filter>
    </ClCompile>
    <ClCompile Include="External\MathGeo\include\Geometry\OBB.cpp">
      <Filter>Sources\External\MathGeo</Filter>
    </ClCompile>
    <ClCompile Include="External\MathGeo\include\Geometry\Plane.cpp">
      <Filter>Sources\External\MathGeo</Filter>
    </ClCompile>
    <ClCompile Include="External\MathGeo\include\Geometry\Polygon.cpp">
      <Filter>Sources\External\MathGeo</Filter>
    </ClCompile>
    <ClCompile Include="External\MathGeo\include\Geometry\Polyhedron.cpp">
      <Filter>Sources\External\MathGeo</Filter>
    </ClCompile>
    <ClCompile Include="External\MathGeo\include\Algorithm\Random\LCG.cpp">
      <Filter>Sources\External\MathGeo</Filter>
    </ClCompile>
    <ClCompile Include="External\MathGeo\include\Math\float3.cpp">
      <Filter>Sources\External\MathGeo</Filter>
    </ClCompile>
    <ClCompile Include="External\MathGeo\include\Math\float3x3.cpp">
      <Filter>Sources\External\MathGeo</Filter>
    </ClCompile>
    <ClCompile Include="External\MathGeo\include\Math\float3x4.cpp">
      <Filter>Sources\External\MathGeo</Filter>
    </ClCompile>
    <ClCompile Include="External\MathGeo\include\Math\float4.cpp">
      <Filter>Sources\External\MathGeo</Filter>
    </ClCompile>
    <ClCompile Include="External\MathGeo\include\Math\float4x4.cpp">
      <Filter>Sources\External\MathGeo</Filter>
    </ClCompile>
    <ClCompile Include="External\MathGeo\include\Math\MathFunc.cpp">
      <Filter>Sources\External\MathGeo</Filter>
    </ClCompile>
    <ClCompile Include="External\MathGeo\include\Math\MathLog.cpp">
      <Filter>Sources\External\MathGeo</Filter>
    </ClCompile>
    <ClCompile Include="External\MathGeo\include\Math\MathOps.cpp">
      <Filter>Sources\External\MathGeo</Filter>
    </ClCompile>
    <ClCompile Include="External\MathGeo\include\Math\Polynomial.cpp">
      <Filter>Sources\External\MathGeo</Filter>
    </ClCompile>
    <ClCompile Include="External\MathGeo\include\Math\Quat.cpp">
      <Filter>Sources\External\MathGeo</Filter>
    </ClCompile>
    <ClCompile Include="External\MathGeo\include\Math\SSEMath.cpp">
      <Filter>Sources\External\MathGeo</Filter>
    </ClCompile>
    <ClCompile Include="External\MathGeo\include\Math\TransformOps.cpp">
      <Filter>Sources\External\MathGeo</Filter>
    </ClCompile>
    <ClCompile Include="External\MathGeo\include\Math\BitOps.cpp">
      <Filter>Sources\External\MathGeo</Filter>
    </ClCompile>
    <ClCompile Include="External\MathGeo\include\Math\float2.cpp">
      <Filter>Sources\External\MathGeo</Filter>
    </ClCompile>
    <ClCompile Include="External\MathGeo\include\Time\Clock.cpp">
      <Filter>Sources\External\MathGeo</Filter>
    </ClCompile>
    <ClCompile Include="Shader.cpp">
      <Filter>Sources\Renderer</Filter>
    </ClCompile>
    <ClCompile Include="Camera.cpp">
      <Filter>Sources\Tools</Filter>
    </ClCompile>
    <ClCompile Include="ComponentCamera.cpp">
      <Filter>Sources\GameObject\Component</Filter>
    </ClCompile>
    <ClCompile Include="External\GPUDetect\DeviceId.cpp">
      <Filter>Sources\External\GPUDetect</Filter>
    </ClCompile>
    <ClCompile Include="PanelGame.cpp">
      <Filter>Sources\Ui</Filter>
    </ClCompile>
    <ClCompile Include="External\Imgui\misc\cpp\imgui_stdlib.cpp">
      <Filter>Sources\External\Imgui</Filter>
    </ClCompile>
    <ClCompile Include="LibraryManager.cpp">
      <Filter>Sources\Resources</Filter>
    </ClCompile>
    <ClCompile Include="External\ImGuiFileDialog\ImGuiFileDialog.cpp">
      <Filter>Sources\External\ImGuiFileDialog</Filter>
    </ClCompile>
    <ClCompile Include="External\ImGuizmo\ImGradient.cpp">
      <Filter>Sources\External\ImGuizmo</Filter>
    </ClCompile>
    <ClCompile Include="External\ImGuizmo\ImGuizmo.cpp">
      <Filter>Sources\External\ImGuizmo</Filter>
    </ClCompile>
    <ClCompile Include="External\ImGuizmo\ImSequencer.cpp">
      <Filter>Sources\External\ImGuizmo</Filter>
    </ClCompile>
    <ClCompile Include="External\ImGuizmo\GraphEditor.cpp">
      <Filter>Sources\External\ImGuizmo</Filter>
    </ClCompile>
    <ClCompile Include="External\ImGuizmo\ImCurveEdit.cpp">
      <Filter>Sources\External\ImGuizmo</Filter>
    </ClCompile>
    <ClCompile Include="PanelLibrary.cpp">
      <Filter>Sources\Ui</Filter>
    </ClCompile>
    <ClCompile Include="TextureImporter.cpp">
      <Filter>Sources\Renderer</Filter>
    </ClCompile>
    <ClCompile Include="MeshImporter.cpp">
      <Filter>Sources\Renderer</Filter>
    </ClCompile>
    <ClCompile Include="ModuleResources.cpp">
      <Filter>Sources\Modules</Filter>
    </ClCompile>
    <ClCompile Include="Resource.cpp">
      <Filter>Sources\Resources</Filter>
    </ClCompile>
    <ClCompile Include="ResourceTexture.cpp">
      <Filter>Sources\Resources</Filter>
    </ClCompile>
    <ClCompile Include="ResourceMesh.cpp">
      <Filter>Sources\Resources</Filter>
    </ClCompile>
  </ItemGroup>
  <ItemGroup>
    <None Include="External\MathGeo\include\Math\Matrix.inl">
      <Filter>Sources\External\MathGeo</Filter>
    </None>
  </ItemGroup>
</Project>